{
  "nodes": {
    "nixpkgs": {
      "locked": {
        "lastModified": 1703004097,
        "narHash": "sha256-KCHoCrXfZ5LkwBZBbVly4jIUX5RO3L2ybqr5c1mxBgU=",
        "owner": "nixos",
        "repo": "nixpkgs",
        "rev": "093cffd33371b29257a4302206c214e87a0297ac",
        "type": "github"
      },
      "original": {
        "owner": "nixos",
        "ref": "release-23.11",
        "repo": "nixpkgs",
        "type": "github"
      }
    },
    "nixpkgs_2": {
      "locked": {
        "lastModified": 1703002921,
        "narHash": "sha256-rgWUkKPloyPDIQaab9cxRfDJWVb6GFFtgTkqdunMkBY=",
        "owner": "nixos",
        "repo": "nixpkgs",
        "rev": "389b3f4ad217ce363882bd6bc3fe9b166c5d5c56",
        "type": "github"
      },
      "original": {
        "owner": "nixos",
        "repo": "nixpkgs",
        "type": "github"
      }
    },
    "root": {
      "inputs": {
        "nixpkgs": "nixpkgs",
        "webflo": "webflo"
      }
    },
    "webflo": {
      "inputs": {
        "nixpkgs": "nixpkgs_2"
      },
      "locked": {
        "lastModified": 1703005394,
        "narHash": "sha256-IHB6I4TOQPvcfLpxlfUa8Fpdt1aVl+kdtv7QeR/hrFY=",
        "owner": "webflo-dev",
        "repo": "nixos-packages",
        "rev": "dc1156b2de56802f2d4c3b17aa338325915ce963",
        "type": "github"
      },
      "original": {
        "owner": "webflo-dev",
        "repo": "nixos-packages",
        "type": "github"
      }
    }
  },
  "root": "root",
  "version": 7
}
