{
  "nodes": {
    "nixpkgs": {
      "locked": {
        "lastModified": 1703068421,
        "narHash": "sha256-WSw5Faqlw75McIflnl5v7qVD/B3S2sLh+968bpOGrWA=",
        "owner": "nixos",
        "repo": "nixpkgs",
        "rev": "d65bceaee0fb1e64363f7871bc43dc1c6ecad99f",
        "type": "github"
      },
      "original": {
        "owner": "nixos",
        "ref": "nixos-23.11",
        "repo": "nixpkgs",
        "type": "github"
      }
    },
    "root": {
      "inputs": {
        "nixpkgs": "nixpkgs",
        "webflo": "webflo"
      }
    },
    "webflo": {
      "inputs": {
        "nixpkgs": [
          "nixpkgs"
        ]
      },
      "locked": {
        "lastModified": 1703081585,
        "narHash": "sha256-CpTHFlMYVIWPUKPgH6TA/Hqve9hQTTmYFQUit+lZPM0=",
        "owner": "webflo-dev",
        "repo": "nixos-packages",
        "rev": "6906a8ea678aca42cb824b89722f589668265606",
        "type": "github"
      },
      "original": {
        "owner": "webflo-dev",
        "repo": "nixos-packages",
        "type": "github"
      }
    }
  },
  "root": "root",
  "version": 7
}
